
Microsoft Visual Studio Solution File, Format Version 9.00
# Visual Studio 2005
Project("{8BC9CEB8-8B4A-11D0-8D11-00A0C91BC942}") = "WebRender", "3dWebBrowser\3dWebBrowser.vcproj", "{F8D81209-EB9B-413E-960E-4BA97C235961}"
EndProject
Project("{8BC9CEB8-8B4A-11D0-8D11-00A0C91BC942}") = "testweb", "testweb\testweb.vcproj", "{9477A57F-B117-4413-9BA0-6F075FCE663E}"
EndProject
Global
	GlobalSection(SolutionConfigurationPlatforms) = preSolution
		Debug|Win32 = Debug|Win32
		Release|Win32 = Release|Win32
	EndGlobalSection
	GlobalSection(ProjectConfigurationPlatforms) = postSolution
		{F8D81209-EB9B-413E-960E-4BA97C235961}.Debug|Win32.ActiveCfg = Debug|Win32
		{F8D81209-EB9B-413E-960E-4BA97C235961}.Debug|Win32.Build.0 = Debug|Win32
		{F8D81209-EB9B-413E-960E-4BA97C235961}.Release|Win32.ActiveCfg = Release|Win32
		{F8D81209-EB9B-413E-960E-4BA97C235961}.Release|Win32.Build.0 = Release|Win32
		{9477A57F-B117-4413-9BA0-6F075FCE663E}.Debug|Win32.ActiveCfg = Debug|Win32
		{9477A57F-B117-4413-9BA0-6F075FCE663E}.Debug|Win32.Build.0 = Debug|Win32
		{9477A57F-B117-4413-9BA0-6F075FCE663E}.Release|Win32.ActiveCfg = Release|Win32
		{9477A57F-B117-4413-9BA0-6F075FCE663E}.Release|Win32.Build.0 = Release|Win32
	EndGlobalSection
	GlobalSection(SolutionProperties) = preSolution
		HideSolutionNode = FALSE
	EndGlobalSection
EndGlobal
